// !$*UTF8*$!
{
	archiveVersion = 1;
	classes = {
	};
	objectVersion = 55;
	objects = {

/* Begin PBXBuildFile section */
		0126D1DA28CD0B8500A51FE4 /* ItemsModelProtocol.swift in Sources */ = {isa = PBXBuildFile; fileRef = 0126D1D928CD0B8500A51FE4 /* ItemsModelProtocol.swift */; };
		0126D1DD28CD309700A51FE4 /* CategoriesInteractorTests.swift in Sources */ = {isa = PBXBuildFile; fileRef = 0126D1DC28CD309700A51FE4 /* CategoriesInteractorTests.swift */; };
		0126D1DF28CE835000A51FE4 /* CategoriesPresenterTests.swift in Sources */ = {isa = PBXBuildFile; fileRef = 0126D1DE28CE835000A51FE4 /* CategoriesPresenterTests.swift */; };
		0126D1E628CE945100A51FE4 /* Items.storyboard in Resources */ = {isa = PBXBuildFile; fileRef = 0126D1E028CE945100A51FE4 /* Items.storyboard */; };
		0126D1E728CE945100A51FE4 /* ItemsInterfaces.swift in Sources */ = {isa = PBXBuildFile; fileRef = 0126D1E128CE945100A51FE4 /* ItemsInterfaces.swift */; };
		0126D1E828CE945100A51FE4 /* ItemsPresenter.swift in Sources */ = {isa = PBXBuildFile; fileRef = 0126D1E228CE945100A51FE4 /* ItemsPresenter.swift */; };
		0126D1E928CE945100A51FE4 /* ItemsViewController.swift in Sources */ = {isa = PBXBuildFile; fileRef = 0126D1E328CE945100A51FE4 /* ItemsViewController.swift */; };
		0126D1EA28CE945100A51FE4 /* ItemsInteractor.swift in Sources */ = {isa = PBXBuildFile; fileRef = 0126D1E428CE945100A51FE4 /* ItemsInteractor.swift */; };
		0126D1EB28CE945100A51FE4 /* ItemsWireframe.swift in Sources */ = {isa = PBXBuildFile; fileRef = 0126D1E528CE945100A51FE4 /* ItemsWireframe.swift */; };
		0126D1ED28CE96CD00A51FE4 /* ItemTableViewCell.swift in Sources */ = {isa = PBXBuildFile; fileRef = 0126D1EC28CE96CD00A51FE4 /* ItemTableViewCell.swift */; };
		014AEE7328CCFF7800ECC1C2 /* CategoriesTableViewCell.swift in Sources */ = {isa = PBXBuildFile; fileRef = 014AEE7228CCFF7800ECC1C2 /* CategoriesTableViewCell.swift */; };
		014B7A0528CCAC52003A7C93 /* BaseWireframe.swift in Sources */ = {isa = PBXBuildFile; fileRef = 014B79FF28CCAC52003A7C93 /* BaseWireframe.swift */; };
		014B7A0728CCAC52003A7C93 /* UIStoryboardExtension.swift in Sources */ = {isa = PBXBuildFile; fileRef = 014B7A0128CCAC52003A7C93 /* UIStoryboardExtension.swift */; };
		014B7A0828CCAC52003A7C93 /* PresenterInterface.swift in Sources */ = {isa = PBXBuildFile; fileRef = 014B7A0228CCAC52003A7C93 /* PresenterInterface.swift */; };
		014B7A0928CCAC52003A7C93 /* ViewInterface.swift in Sources */ = {isa = PBXBuildFile; fileRef = 014B7A0328CCAC52003A7C93 /* ViewInterface.swift */; };
		014B7A0A28CCAC52003A7C93 /* InteractorInterface.swift in Sources */ = {isa = PBXBuildFile; fileRef = 014B7A0428CCAC52003A7C93 /* InteractorInterface.swift */; };
		014B7A1228CCAF8B003A7C93 /* Splash.storyboard in Resources */ = {isa = PBXBuildFile; fileRef = 014B7A0C28CCAF8B003A7C93 /* Splash.storyboard */; };
		014B7A1328CCAF8B003A7C93 /* SplashInterfaces.swift in Sources */ = {isa = PBXBuildFile; fileRef = 014B7A0D28CCAF8B003A7C93 /* SplashInterfaces.swift */; };
		014B7A1428CCAF8B003A7C93 /* SplashPresenter.swift in Sources */ = {isa = PBXBuildFile; fileRef = 014B7A0E28CCAF8B003A7C93 /* SplashPresenter.swift */; };
		014B7A1528CCAF8B003A7C93 /* SplashViewController.swift in Sources */ = {isa = PBXBuildFile; fileRef = 014B7A0F28CCAF8B003A7C93 /* SplashViewController.swift */; };
		014B7A1628CCAF8B003A7C93 /* SplashInteractor.swift in Sources */ = {isa = PBXBuildFile; fileRef = 014B7A1028CCAF8B003A7C93 /* SplashInteractor.swift */; };
		014B7A1728CCAF8B003A7C93 /* SplashWireframe.swift in Sources */ = {isa = PBXBuildFile; fileRef = 014B7A1128CCAF8B003A7C93 /* SplashWireframe.swift */; };
		014B7A1928CCB0E0003A7C93 /* SplashNavigationViewController.swift in Sources */ = {isa = PBXBuildFile; fileRef = 014B7A1828CCB0E0003A7C93 /* SplashNavigationViewController.swift */; };
		015B8D1628CF2436004E2149 /* ItemsPresenterTests.swift in Sources */ = {isa = PBXBuildFile; fileRef = 015B8D1528CF2436004E2149 /* ItemsPresenterTests.swift */; };
		01653C5928CCCBD8006D616E /* SplashInteractorTests.swift in Sources */ = {isa = PBXBuildFile; fileRef = 01653C5828CCCBD8006D616E /* SplashInteractorTests.swift */; };
		01653C5B28CCDE6D006D616E /* SplashPresenterTests.swift in Sources */ = {isa = PBXBuildFile; fileRef = 01653C5A28CCDE6D006D616E /* SplashPresenterTests.swift */; };
		01653C6228CCFDFF006D616E /* Categories.storyboard in Resources */ = {isa = PBXBuildFile; fileRef = 01653C5C28CCFDFF006D616E /* Categories.storyboard */; };
		01653C6328CCFDFF006D616E /* CategoriesInterfaces.swift in Sources */ = {isa = PBXBuildFile; fileRef = 01653C5D28CCFDFF006D616E /* CategoriesInterfaces.swift */; };
		01653C6428CCFDFF006D616E /* CategoriesPresenter.swift in Sources */ = {isa = PBXBuildFile; fileRef = 01653C5E28CCFDFF006D616E /* CategoriesPresenter.swift */; };
		01653C6528CCFDFF006D616E /* CategoriesViewController.swift in Sources */ = {isa = PBXBuildFile; fileRef = 01653C5F28CCFDFF006D616E /* CategoriesViewController.swift */; };
		01653C6628CCFDFF006D616E /* CategoriesInteractor.swift in Sources */ = {isa = PBXBuildFile; fileRef = 01653C6028CCFDFF006D616E /* CategoriesInteractor.swift */; };
		01653C6728CCFDFF006D616E /* CategoriesWireframe.swift in Sources */ = {isa = PBXBuildFile; fileRef = 01653C6128CCFDFF006D616E /* CategoriesWireframe.swift */; };
		01B3FE1E28C93DB900B97EDD /* AppDelegate.swift in Sources */ = {isa = PBXBuildFile; fileRef = 01B3FE1D28C93DB900B97EDD /* AppDelegate.swift */; };
		01B3FE2028C93DB900B97EDD /* SceneDelegate.swift in Sources */ = {isa = PBXBuildFile; fileRef = 01B3FE1F28C93DB900B97EDD /* SceneDelegate.swift */; };
		01B3FE2528C93DB900B97EDD /* Main.storyboard in Resources */ = {isa = PBXBuildFile; fileRef = 01B3FE2328C93DB900B97EDD /* Main.storyboard */; };
		01B3FE2828C93DB900B97EDD /* GameOfThrones.xcdatamodeld in Sources */ = {isa = PBXBuildFile; fileRef = 01B3FE2628C93DB900B97EDD /* GameOfThrones.xcdatamodeld */; };
		01B3FE2A28C93DBA00B97EDD /* Assets.xcassets in Resources */ = {isa = PBXBuildFile; fileRef = 01B3FE2928C93DBA00B97EDD /* Assets.xcassets */; };
		01B3FE2D28C93DBA00B97EDD /* LaunchScreen.storyboard in Resources */ = {isa = PBXBuildFile; fileRef = 01B3FE2B28C93DBA00B97EDD /* LaunchScreen.storyboard */; };
		01B3FE3828C93DBA00B97EDD /* GameOfThronesTests.swift in Sources */ = {isa = PBXBuildFile; fileRef = 01B3FE3728C93DBA00B97EDD /* GameOfThronesTests.swift */; };
		01B3FE4228C93DBA00B97EDD /* GameOfThronesUITests.swift in Sources */ = {isa = PBXBuildFile; fileRef = 01B3FE4128C93DBA00B97EDD /* GameOfThronesUITests.swift */; };
		01B3FE4428C93DBA00B97EDD /* GameOfThronesUITestsLaunchTests.swift in Sources */ = {isa = PBXBuildFile; fileRef = 01B3FE4328C93DBA00B97EDD /* GameOfThronesUITestsLaunchTests.swift */; };
		01B3FE5728CA4C8A00B97EDD /* CategoriesResponse.swift in Sources */ = {isa = PBXBuildFile; fileRef = 01B3FE5628CA4C8A00B97EDD /* CategoriesResponse.swift */; };
		01B3FE5928CA4C9800B97EDD /* BooksResponse.swift in Sources */ = {isa = PBXBuildFile; fileRef = 01B3FE5828CA4C9800B97EDD /* BooksResponse.swift */; };
		01B3FE5B28CA4CA500B97EDD /* HousesResponse.swift in Sources */ = {isa = PBXBuildFile; fileRef = 01B3FE5A28CA4CA500B97EDD /* HousesResponse.swift */; };
		01B3FE5D28CA4CB000B97EDD /* CharactersResponse.swift in Sources */ = {isa = PBXBuildFile; fileRef = 01B3FE5C28CA4CB000B97EDD /* CharactersResponse.swift */; };
		01B3FE6128CA558900B97EDD /* ServiceBase.swift in Sources */ = {isa = PBXBuildFile; fileRef = 01B3FE6028CA558900B97EDD /* ServiceBase.swift */; };
		01B3FE6628CA614200B97EDD /* ServiceProvider.swift in Sources */ = {isa = PBXBuildFile; fileRef = 01B3FE6528CA614200B97EDD /* ServiceProvider.swift */; };
		01B3FE6828CA636000B97EDD /* CategoriesService.swift in Sources */ = {isa = PBXBuildFile; fileRef = 01B3FE6728CA636000B97EDD /* CategoriesService.swift */; };
		01B3FE6B28CA6E1200B97EDD /* MockURLProtocol.swift in Sources */ = {isa = PBXBuildFile; fileRef = 01B3FE6A28CA6E1200B97EDD /* MockURLProtocol.swift */; };
		01B3FE6D28CA6E9300B97EDD /* CategoriesServiceTest.swift in Sources */ = {isa = PBXBuildFile; fileRef = 01B3FE6C28CA6E9300B97EDD /* CategoriesServiceTest.swift */; };
		01B3FE7428CA752D00B97EDD /* CategoriesSuccessResponse.json in Resources */ = {isa = PBXBuildFile; fileRef = 01B3FE7328CA752D00B97EDD /* CategoriesSuccessResponse.json */; };
		01B3FE7628CA754900B97EDD /* JSONTestHelper.swift in Sources */ = {isa = PBXBuildFile; fileRef = 01B3FE7528CA754900B97EDD /* JSONTestHelper.swift */; };
		01B3FE7928CA86BE00B97EDD /* GOTServices.swift in Sources */ = {isa = PBXBuildFile; fileRef = 01B3FE7728CA84F700B97EDD /* GOTServices.swift */; };
		01B3FE8128CA87C400B97EDD /* BooksSuccessResponse.json in Resources */ = {isa = PBXBuildFile; fileRef = 01B3FE8028CA87C400B97EDD /* BooksSuccessResponse.json */; };
		01B3FE8328CA87E000B97EDD /* HousesSuccessResponse.json in Resources */ = {isa = PBXBuildFile; fileRef = 01B3FE8228CA87E000B97EDD /* HousesSuccessResponse.json */; };
		01B3FE8528CA87F900B97EDD /* CharactersSuccessResponse.json in Resources */ = {isa = PBXBuildFile; fileRef = 01B3FE8428CA87F900B97EDD /* CharactersSuccessResponse.json */; };
		01B3FE8728CA882C00B97EDD /* BooksServiceTest.swift in Sources */ = {isa = PBXBuildFile; fileRef = 01B3FE8628CA882C00B97EDD /* BooksServiceTest.swift */; };
		01B3FE8928CA8B8A00B97EDD /* CharactersServiceTest.swift in Sources */ = {isa = PBXBuildFile; fileRef = 01B3FE8828CA8B8A00B97EDD /* CharactersServiceTest.swift */; };
		01B3FE8B28CA8E1E00B97EDD /* HousesServiceTests.swift in Sources */ = {isa = PBXBuildFile; fileRef = 01B3FE8A28CA8E1E00B97EDD /* HousesServiceTests.swift */; };
		01B3FE8E28CBD16A00B97EDD /* CategoryItem.swift in Sources */ = {isa = PBXBuildFile; fileRef = 01B3FE8D28CBD16A00B97EDD /* CategoryItem.swift */; };
		01B3FE9028CBD1B500B97EDD /* CategoryStore.swift in Sources */ = {isa = PBXBuildFile; fileRef = 01B3FE8F28CBD1B500B97EDD /* CategoryStore.swift */; };
		01BE698428CBDC6A0008067B /* PersistencyTests.swift in Sources */ = {isa = PBXBuildFile; fileRef = 01BE698328CBDC6A0008067B /* PersistencyTests.swift */; };
		01BE698928CBE43F0008067B /* CoreDataStack.swift in Sources */ = {isa = PBXBuildFile; fileRef = 01BE698728CBE0BD0008067B /* CoreDataStack.swift */; };
		01BE698B28CBE9CA0008067B /* TestCoreDataStack.swift in Sources */ = {isa = PBXBuildFile; fileRef = 01BE698A28CBE9CA0008067B /* TestCoreDataStack.swift */; };
		01BE698E28CBF0EA0008067B /* SwiftyBeaver in Frameworks */ = {isa = PBXBuildFile; productRef = 01BE698D28CBF0EA0008067B /* SwiftyBeaver */; };
		01BE699128CBF14D0008067B /* Logger.swift in Sources */ = {isa = PBXBuildFile; fileRef = 01BE699028CBF14D0008067B /* Logger.swift */; };
		01C641FA28CF54BC00D2D33E /* Details.storyboard in Resources */ = {isa = PBXBuildFile; fileRef = 01C641F428CF54BC00D2D33E /* Details.storyboard */; };
		01C641FB28CF54BC00D2D33E /* DetailsInterfaces.swift in Sources */ = {isa = PBXBuildFile; fileRef = 01C641F528CF54BC00D2D33E /* DetailsInterfaces.swift */; };
		01C641FC28CF54BC00D2D33E /* DetailsPresenter.swift in Sources */ = {isa = PBXBuildFile; fileRef = 01C641F628CF54BC00D2D33E /* DetailsPresenter.swift */; };
		01C641FD28CF54BC00D2D33E /* DetailsViewController.swift in Sources */ = {isa = PBXBuildFile; fileRef = 01C641F728CF54BC00D2D33E /* DetailsViewController.swift */; };
		01C641FE28CF54BC00D2D33E /* DetailsInteractor.swift in Sources */ = {isa = PBXBuildFile; fileRef = 01C641F828CF54BC00D2D33E /* DetailsInteractor.swift */; };
		01C641FF28CF54BC00D2D33E /* DetailsWireframe.swift in Sources */ = {isa = PBXBuildFile; fileRef = 01C641F928CF54BC00D2D33E /* DetailsWireframe.swift */; };
		01C6420128CF5DFD00D2D33E /* Extensions.swift in Sources */ = {isa = PBXBuildFile; fileRef = 01C6420028CF5DFD00D2D33E /* Extensions.swift */; };
		01C6420628CF637900D2D33E /* DetailsPresenterTests.swift in Sources */ = {isa = PBXBuildFile; fileRef = 01C6420528CF637900D2D33E /* DetailsPresenterTests.swift */; };
/* End PBXBuildFile section */

/* Begin PBXContainerItemProxy section */
		01B3FE3428C93DBA00B97EDD /* PBXContainerItemProxy */ = {
			isa = PBXContainerItemProxy;
			containerPortal = 01B3FE1228C93DB900B97EDD /* Project object */;
			proxyType = 1;
			remoteGlobalIDString = 01B3FE1928C93DB900B97EDD;
			remoteInfo = GameOfThrones;
		};
		01B3FE3E28C93DBA00B97EDD /* PBXContainerItemProxy */ = {
			isa = PBXContainerItemProxy;
			containerPortal = 01B3FE1228C93DB900B97EDD /* Project object */;
			proxyType = 1;
			remoteGlobalIDString = 01B3FE1928C93DB900B97EDD;
			remoteInfo = GameOfThrones;
		};
/* End PBXContainerItemProxy section */

/* Begin PBXFileReference section */
		0126D1D928CD0B8500A51FE4 /* ItemsModelProtocol.swift */ = {isa = PBXFileReference; lastKnownFileType = sourcecode.swift; path = ItemsModelProtocol.swift; sourceTree = "<group>"; };
		0126D1DC28CD309700A51FE4 /* CategoriesInteractorTests.swift */ = {isa = PBXFileReference; lastKnownFileType = sourcecode.swift; path = CategoriesInteractorTests.swift; sourceTree = "<group>"; };
		0126D1DE28CE835000A51FE4 /* CategoriesPresenterTests.swift */ = {isa = PBXFileReference; lastKnownFileType = sourcecode.swift; path = CategoriesPresenterTests.swift; sourceTree = "<group>"; };
		0126D1E028CE945100A51FE4 /* Items.storyboard */ = {isa = PBXFileReference; lastKnownFileType = file.storyboard; path = Items.storyboard; sourceTree = "<group>"; };
		0126D1E128CE945100A51FE4 /* ItemsInterfaces.swift */ = {isa = PBXFileReference; lastKnownFileType = sourcecode.swift; path = ItemsInterfaces.swift; sourceTree = "<group>"; };
		0126D1E228CE945100A51FE4 /* ItemsPresenter.swift */ = {isa = PBXFileReference; lastKnownFileType = sourcecode.swift; path = ItemsPresenter.swift; sourceTree = "<group>"; };
		0126D1E328CE945100A51FE4 /* ItemsViewController.swift */ = {isa = PBXFileReference; lastKnownFileType = sourcecode.swift; path = ItemsViewController.swift; sourceTree = "<group>"; };
		0126D1E428CE945100A51FE4 /* ItemsInteractor.swift */ = {isa = PBXFileReference; lastKnownFileType = sourcecode.swift; path = ItemsInteractor.swift; sourceTree = "<group>"; };
		0126D1E528CE945100A51FE4 /* ItemsWireframe.swift */ = {isa = PBXFileReference; lastKnownFileType = sourcecode.swift; path = ItemsWireframe.swift; sourceTree = "<group>"; };
		0126D1EC28CE96CD00A51FE4 /* ItemTableViewCell.swift */ = {isa = PBXFileReference; lastKnownFileType = sourcecode.swift; path = ItemTableViewCell.swift; sourceTree = "<group>"; };
		014AEE7228CCFF7800ECC1C2 /* CategoriesTableViewCell.swift */ = {isa = PBXFileReference; lastKnownFileType = sourcecode.swift; path = CategoriesTableViewCell.swift; sourceTree = "<group>"; };
		014B79FF28CCAC52003A7C93 /* BaseWireframe.swift */ = {isa = PBXFileReference; lastKnownFileType = sourcecode.swift; path = BaseWireframe.swift; sourceTree = "<group>"; };
		014B7A0128CCAC52003A7C93 /* UIStoryboardExtension.swift */ = {isa = PBXFileReference; lastKnownFileType = sourcecode.swift; path = UIStoryboardExtension.swift; sourceTree = "<group>"; };
		014B7A0228CCAC52003A7C93 /* PresenterInterface.swift */ = {isa = PBXFileReference; lastKnownFileType = sourcecode.swift; path = PresenterInterface.swift; sourceTree = "<group>"; };
		014B7A0328CCAC52003A7C93 /* ViewInterface.swift */ = {isa = PBXFileReference; lastKnownFileType = sourcecode.swift; path = ViewInterface.swift; sourceTree = "<group>"; };
		014B7A0428CCAC52003A7C93 /* InteractorInterface.swift */ = {isa = PBXFileReference; lastKnownFileType = sourcecode.swift; path = InteractorInterface.swift; sourceTree = "<group>"; };
		014B7A0C28CCAF8B003A7C93 /* Splash.storyboard */ = {isa = PBXFileReference; lastKnownFileType = file.storyboard; path = Splash.storyboard; sourceTree = "<group>"; };
		014B7A0D28CCAF8B003A7C93 /* SplashInterfaces.swift */ = {isa = PBXFileReference; lastKnownFileType = sourcecode.swift; path = SplashInterfaces.swift; sourceTree = "<group>"; };
		014B7A0E28CCAF8B003A7C93 /* SplashPresenter.swift */ = {isa = PBXFileReference; lastKnownFileType = sourcecode.swift; path = SplashPresenter.swift; sourceTree = "<group>"; };
		014B7A0F28CCAF8B003A7C93 /* SplashViewController.swift */ = {isa = PBXFileReference; lastKnownFileType = sourcecode.swift; path = SplashViewController.swift; sourceTree = "<group>"; };
		014B7A1028CCAF8B003A7C93 /* SplashInteractor.swift */ = {isa = PBXFileReference; lastKnownFileType = sourcecode.swift; path = SplashInteractor.swift; sourceTree = "<group>"; };
		014B7A1128CCAF8B003A7C93 /* SplashWireframe.swift */ = {isa = PBXFileReference; lastKnownFileType = sourcecode.swift; path = SplashWireframe.swift; sourceTree = "<group>"; };
		014B7A1828CCB0E0003A7C93 /* SplashNavigationViewController.swift */ = {isa = PBXFileReference; lastKnownFileType = sourcecode.swift; path = SplashNavigationViewController.swift; sourceTree = "<group>"; };
		015B8D1528CF2436004E2149 /* ItemsPresenterTests.swift */ = {isa = PBXFileReference; lastKnownFileType = sourcecode.swift; path = ItemsPresenterTests.swift; sourceTree = "<group>"; };
		01653C5828CCCBD8006D616E /* SplashInteractorTests.swift */ = {isa = PBXFileReference; lastKnownFileType = sourcecode.swift; path = SplashInteractorTests.swift; sourceTree = "<group>"; };
		01653C5A28CCDE6D006D616E /* SplashPresenterTests.swift */ = {isa = PBXFileReference; lastKnownFileType = sourcecode.swift; path = SplashPresenterTests.swift; sourceTree = "<group>"; };
		01653C5C28CCFDFF006D616E /* Categories.storyboard */ = {isa = PBXFileReference; lastKnownFileType = file.storyboard; path = Categories.storyboard; sourceTree = "<group>"; };
		01653C5D28CCFDFF006D616E /* CategoriesInterfaces.swift */ = {isa = PBXFileReference; lastKnownFileType = sourcecode.swift; path = CategoriesInterfaces.swift; sourceTree = "<group>"; };
		01653C5E28CCFDFF006D616E /* CategoriesPresenter.swift */ = {isa = PBXFileReference; lastKnownFileType = sourcecode.swift; path = CategoriesPresenter.swift; sourceTree = "<group>"; };
		01653C5F28CCFDFF006D616E /* CategoriesViewController.swift */ = {isa = PBXFileReference; lastKnownFileType = sourcecode.swift; path = CategoriesViewController.swift; sourceTree = "<group>"; };
		01653C6028CCFDFF006D616E /* CategoriesInteractor.swift */ = {isa = PBXFileReference; lastKnownFileType = sourcecode.swift; path = CategoriesInteractor.swift; sourceTree = "<group>"; };
		01653C6128CCFDFF006D616E /* CategoriesWireframe.swift */ = {isa = PBXFileReference; lastKnownFileType = sourcecode.swift; path = CategoriesWireframe.swift; sourceTree = "<group>"; };
		01B3FE1A28C93DB900B97EDD /* GameOfThrones.app */ = {isa = PBXFileReference; explicitFileType = wrapper.application; includeInIndex = 0; path = GameOfThrones.app; sourceTree = BUILT_PRODUCTS_DIR; };
		01B3FE1D28C93DB900B97EDD /* AppDelegate.swift */ = {isa = PBXFileReference; lastKnownFileType = sourcecode.swift; path = AppDelegate.swift; sourceTree = "<group>"; };
		01B3FE1F28C93DB900B97EDD /* SceneDelegate.swift */ = {isa = PBXFileReference; lastKnownFileType = sourcecode.swift; path = SceneDelegate.swift; sourceTree = "<group>"; };
		01B3FE2428C93DB900B97EDD /* Base */ = {isa = PBXFileReference; lastKnownFileType = file.storyboard; name = Base; path = Base.lproj/Main.storyboard; sourceTree = "<group>"; };
		01B3FE2728C93DB900B97EDD /* GameOfThrones.xcdatamodel */ = {isa = PBXFileReference; lastKnownFileType = wrapper.xcdatamodel; path = GameOfThrones.xcdatamodel; sourceTree = "<group>"; };
		01B3FE2928C93DBA00B97EDD /* Assets.xcassets */ = {isa = PBXFileReference; lastKnownFileType = folder.assetcatalog; path = Assets.xcassets; sourceTree = "<group>"; };
		01B3FE2C28C93DBA00B97EDD /* Base */ = {isa = PBXFileReference; lastKnownFileType = file.storyboard; name = Base; path = Base.lproj/LaunchScreen.storyboard; sourceTree = "<group>"; };
		01B3FE2E28C93DBA00B97EDD /* Info.plist */ = {isa = PBXFileReference; lastKnownFileType = text.plist.xml; path = Info.plist; sourceTree = "<group>"; };
		01B3FE3328C93DBA00B97EDD /* GameOfThronesTests.xctest */ = {isa = PBXFileReference; explicitFileType = wrapper.cfbundle; includeInIndex = 0; path = GameOfThronesTests.xctest; sourceTree = BUILT_PRODUCTS_DIR; };
		01B3FE3728C93DBA00B97EDD /* GameOfThronesTests.swift */ = {isa = PBXFileReference; lastKnownFileType = sourcecode.swift; path = GameOfThronesTests.swift; sourceTree = "<group>"; };
		01B3FE3D28C93DBA00B97EDD /* GameOfThronesUITests.xctest */ = {isa = PBXFileReference; explicitFileType = wrapper.cfbundle; includeInIndex = 0; path = GameOfThronesUITests.xctest; sourceTree = BUILT_PRODUCTS_DIR; };
		01B3FE4128C93DBA00B97EDD /* GameOfThronesUITests.swift */ = {isa = PBXFileReference; lastKnownFileType = sourcecode.swift; path = GameOfThronesUITests.swift; sourceTree = "<group>"; };
		01B3FE4328C93DBA00B97EDD /* GameOfThronesUITestsLaunchTests.swift */ = {isa = PBXFileReference; lastKnownFileType = sourcecode.swift; path = GameOfThronesUITestsLaunchTests.swift; sourceTree = "<group>"; };
		01B3FE5628CA4C8A00B97EDD /* CategoriesResponse.swift */ = {isa = PBXFileReference; lastKnownFileType = sourcecode.swift; path = CategoriesResponse.swift; sourceTree = "<group>"; };
		01B3FE5828CA4C9800B97EDD /* BooksResponse.swift */ = {isa = PBXFileReference; lastKnownFileType = sourcecode.swift; path = BooksResponse.swift; sourceTree = "<group>"; };
		01B3FE5A28CA4CA500B97EDD /* HousesResponse.swift */ = {isa = PBXFileReference; lastKnownFileType = sourcecode.swift; path = HousesResponse.swift; sourceTree = "<group>"; };
		01B3FE5C28CA4CB000B97EDD /* CharactersResponse.swift */ = {isa = PBXFileReference; lastKnownFileType = sourcecode.swift; path = CharactersResponse.swift; sourceTree = "<group>"; };
		01B3FE6028CA558900B97EDD /* ServiceBase.swift */ = {isa = PBXFileReference; lastKnownFileType = sourcecode.swift; path = ServiceBase.swift; sourceTree = "<group>"; };
		01B3FE6528CA614200B97EDD /* ServiceProvider.swift */ = {isa = PBXFileReference; lastKnownFileType = sourcecode.swift; path = ServiceProvider.swift; sourceTree = "<group>"; };
		01B3FE6728CA636000B97EDD /* CategoriesService.swift */ = {isa = PBXFileReference; lastKnownFileType = sourcecode.swift; path = CategoriesService.swift; sourceTree = "<group>"; };
		01B3FE6A28CA6E1200B97EDD /* MockURLProtocol.swift */ = {isa = PBXFileReference; lastKnownFileType = sourcecode.swift; path = MockURLProtocol.swift; sourceTree = "<group>"; };
		01B3FE6C28CA6E9300B97EDD /* CategoriesServiceTest.swift */ = {isa = PBXFileReference; lastKnownFileType = sourcecode.swift; path = CategoriesServiceTest.swift; sourceTree = "<group>"; };
		01B3FE7328CA752D00B97EDD /* CategoriesSuccessResponse.json */ = {isa = PBXFileReference; lastKnownFileType = text.json; path = CategoriesSuccessResponse.json; sourceTree = "<group>"; };
		01B3FE7528CA754900B97EDD /* JSONTestHelper.swift */ = {isa = PBXFileReference; lastKnownFileType = sourcecode.swift; path = JSONTestHelper.swift; sourceTree = "<group>"; };
		01B3FE7728CA84F700B97EDD /* GOTServices.swift */ = {isa = PBXFileReference; lastKnownFileType = sourcecode.swift; path = GOTServices.swift; sourceTree = "<group>"; };
		01B3FE8028CA87C400B97EDD /* BooksSuccessResponse.json */ = {isa = PBXFileReference; lastKnownFileType = text.json; path = BooksSuccessResponse.json; sourceTree = "<group>"; };
		01B3FE8228CA87E000B97EDD /* HousesSuccessResponse.json */ = {isa = PBXFileReference; lastKnownFileType = text.json; path = HousesSuccessResponse.json; sourceTree = "<group>"; };
		01B3FE8428CA87F900B97EDD /* CharactersSuccessResponse.json */ = {isa = PBXFileReference; lastKnownFileType = text.json; path = CharactersSuccessResponse.json; sourceTree = "<group>"; };
		01B3FE8628CA882C00B97EDD /* BooksServiceTest.swift */ = {isa = PBXFileReference; lastKnownFileType = sourcecode.swift; path = BooksServiceTest.swift; sourceTree = "<group>"; };
		01B3FE8828CA8B8A00B97EDD /* CharactersServiceTest.swift */ = {isa = PBXFileReference; lastKnownFileType = sourcecode.swift; path = CharactersServiceTest.swift; sourceTree = "<group>"; };
		01B3FE8A28CA8E1E00B97EDD /* HousesServiceTests.swift */ = {isa = PBXFileReference; lastKnownFileType = sourcecode.swift; path = HousesServiceTests.swift; sourceTree = "<group>"; };
		01B3FE8D28CBD16A00B97EDD /* CategoryItem.swift */ = {isa = PBXFileReference; lastKnownFileType = sourcecode.swift; path = CategoryItem.swift; sourceTree = "<group>"; };
		01B3FE8F28CBD1B500B97EDD /* CategoryStore.swift */ = {isa = PBXFileReference; lastKnownFileType = sourcecode.swift; path = CategoryStore.swift; sourceTree = "<group>"; };
		01BE698328CBDC6A0008067B /* PersistencyTests.swift */ = {isa = PBXFileReference; lastKnownFileType = sourcecode.swift; path = PersistencyTests.swift; sourceTree = "<group>"; };
		01BE698728CBE0BD0008067B /* CoreDataStack.swift */ = {isa = PBXFileReference; lastKnownFileType = sourcecode.swift; path = CoreDataStack.swift; sourceTree = "<group>"; };
		01BE698A28CBE9CA0008067B /* TestCoreDataStack.swift */ = {isa = PBXFileReference; lastKnownFileType = sourcecode.swift; path = TestCoreDataStack.swift; sourceTree = "<group>"; };
		01BE699028CBF14D0008067B /* Logger.swift */ = {isa = PBXFileReference; lastKnownFileType = sourcecode.swift; path = Logger.swift; sourceTree = "<group>"; };
		01C641F428CF54BC00D2D33E /* Details.storyboard */ = {isa = PBXFileReference; lastKnownFileType = file.storyboard; path = Details.storyboard; sourceTree = "<group>"; };
		01C641F528CF54BC00D2D33E /* DetailsInterfaces.swift */ = {isa = PBXFileReference; lastKnownFileType = sourcecode.swift; path = DetailsInterfaces.swift; sourceTree = "<group>"; };
		01C641F628CF54BC00D2D33E /* DetailsPresenter.swift */ = {isa = PBXFileReference; lastKnownFileType = sourcecode.swift; path = DetailsPresenter.swift; sourceTree = "<group>"; };
		01C641F728CF54BC00D2D33E /* DetailsViewController.swift */ = {isa = PBXFileReference; lastKnownFileType = sourcecode.swift; path = DetailsViewController.swift; sourceTree = "<group>"; };
		01C641F828CF54BC00D2D33E /* DetailsInteractor.swift */ = {isa = PBXFileReference; lastKnownFileType = sourcecode.swift; path = DetailsInteractor.swift; sourceTree = "<group>"; };
		01C641F928CF54BC00D2D33E /* DetailsWireframe.swift */ = {isa = PBXFileReference; lastKnownFileType = sourcecode.swift; path = DetailsWireframe.swift; sourceTree = "<group>"; };
		01C6420028CF5DFD00D2D33E /* Extensions.swift */ = {isa = PBXFileReference; lastKnownFileType = sourcecode.swift; path = Extensions.swift; sourceTree = "<group>"; };
		01C6420528CF637900D2D33E /* DetailsPresenterTests.swift */ = {isa = PBXFileReference; lastKnownFileType = sourcecode.swift; path = DetailsPresenterTests.swift; sourceTree = "<group>"; };
/* End PBXFileReference section */

/* Begin PBXFrameworksBuildPhase section */
		01B3FE1728C93DB900B97EDD /* Frameworks */ = {
			isa = PBXFrameworksBuildPhase;
			buildActionMask = 2147483647;
			files = (
				01BE698E28CBF0EA0008067B /* SwiftyBeaver in Frameworks */,
			);
			runOnlyForDeploymentPostprocessing = 0;
		};
		01B3FE3028C93DBA00B97EDD /* Frameworks */ = {
			isa = PBXFrameworksBuildPhase;
			buildActionMask = 2147483647;
			files = (
			);
			runOnlyForDeploymentPostprocessing = 0;
		};
		01B3FE3A28C93DBA00B97EDD /* Frameworks */ = {
			isa = PBXFrameworksBuildPhase;
			buildActionMask = 2147483647;
			files = (
			);
			runOnlyForDeploymentPostprocessing = 0;
		};
/* End PBXFrameworksBuildPhase section */

/* Begin PBXGroup section */
		0126D1DB28CD308500A51FE4 /* CategoriesScene */ = {
			isa = PBXGroup;
			children = (
				0126D1DC28CD309700A51FE4 /* CategoriesInteractorTests.swift */,
				0126D1DE28CE835000A51FE4 /* CategoriesPresenterTests.swift */,
			);
			path = CategoriesScene;
			sourceTree = "<group>";
		};
		014B79F428CCAB42003A7C93 /* SplashScene */ = {
			isa = PBXGroup;
			children = (
				014B7A0C28CCAF8B003A7C93 /* Splash.storyboard */,
				014B7A0D28CCAF8B003A7C93 /* SplashInterfaces.swift */,
				014B7A0E28CCAF8B003A7C93 /* SplashPresenter.swift */,
				014B7A0F28CCAF8B003A7C93 /* SplashViewController.swift */,
				014B7A1028CCAF8B003A7C93 /* SplashInteractor.swift */,
				014B7A1128CCAF8B003A7C93 /* SplashWireframe.swift */,
				014B7A1828CCB0E0003A7C93 /* SplashNavigationViewController.swift */,
			);
			path = SplashScene;
			sourceTree = "<group>";
		};
		014B79F528CCAB9B003A7C93 /* CategoriesScene */ = {
			isa = PBXGroup;
			children = (
				01653C5C28CCFDFF006D616E /* Categories.storyboard */,
				01653C5D28CCFDFF006D616E /* CategoriesInterfaces.swift */,
				01653C5E28CCFDFF006D616E /* CategoriesPresenter.swift */,
				01653C5F28CCFDFF006D616E /* CategoriesViewController.swift */,
				01653C6028CCFDFF006D616E /* CategoriesInteractor.swift */,
				01653C6128CCFDFF006D616E /* CategoriesWireframe.swift */,
				014AEE7228CCFF7800ECC1C2 /* CategoriesTableViewCell.swift */,
			);
			path = CategoriesScene;
			sourceTree = "<group>";
		};
		014B79FE28CCAC41003A7C93 /* BaseViper */ = {
			isa = PBXGroup;
			children = (
				014B79FF28CCAC52003A7C93 /* BaseWireframe.swift */,
				014B7A0128CCAC52003A7C93 /* UIStoryboardExtension.swift */,
				014B7A0228CCAC52003A7C93 /* PresenterInterface.swift */,
				014B7A0328CCAC52003A7C93 /* ViewInterface.swift */,
				014B7A0428CCAC52003A7C93 /* InteractorInterface.swift */,
			);
			path = BaseViper;
			sourceTree = "<group>";
		};
		014B7A0B28CCAD13003A7C93 /* ItemsScene */ = {
			isa = PBXGroup;
			children = (
				0126D1E028CE945100A51FE4 /* Items.storyboard */,
				0126D1E128CE945100A51FE4 /* ItemsInterfaces.swift */,
				0126D1E228CE945100A51FE4 /* ItemsPresenter.swift */,
				0126D1E328CE945100A51FE4 /* ItemsViewController.swift */,
				0126D1E428CE945100A51FE4 /* ItemsInteractor.swift */,
				0126D1E528CE945100A51FE4 /* ItemsWireframe.swift */,
				0126D1EC28CE96CD00A51FE4 /* ItemTableViewCell.swift */,
			);
			path = ItemsScene;
			sourceTree = "<group>";
		};
		015B8D1428CF241E004E2149 /* ItemsScene */ = {
			isa = PBXGroup;
			children = (
				015B8D1528CF2436004E2149 /* ItemsPresenterTests.swift */,
			);
			path = ItemsScene;
			sourceTree = "<group>";
		};
		01653C5628CCCBB0006D616E /* SceneTests */ = {
			isa = PBXGroup;
			children = (
				01C6420428CF636100D2D33E /* DetailsScene */,
				015B8D1428CF241E004E2149 /* ItemsScene */,
				0126D1DB28CD308500A51FE4 /* CategoriesScene */,
				01653C5728CCCBB9006D616E /* SplashSceneTests */,
			);
			path = SceneTests;
			sourceTree = "<group>";
		};
		01653C5728CCCBB9006D616E /* SplashSceneTests */ = {
			isa = PBXGroup;
			children = (
				01653C5828CCCBD8006D616E /* SplashInteractorTests.swift */,
				01653C5A28CCDE6D006D616E /* SplashPresenterTests.swift */,
			);
			path = SplashSceneTests;
			sourceTree = "<group>";
		};
		01B3FE1128C93DB900B97EDD = {
			isa = PBXGroup;
			children = (
				01B3FE1C28C93DB900B97EDD /* GameOfThrones */,
				01BE698F28CBF13F0008067B /* Utilities */,
				01B3FE8C28CBD15400B97EDD /* Persistency */,
				01B3FE5228CA473F00B97EDD /* Network */,
				01B3FE3628C93DBA00B97EDD /* GameOfThronesTests */,
				01B3FE4028C93DBA00B97EDD /* GameOfThronesUITests */,
				01B3FE1B28C93DB900B97EDD /* Products */,
			);
			sourceTree = "<group>";
		};
		01B3FE1B28C93DB900B97EDD /* Products */ = {
			isa = PBXGroup;
			children = (
				01B3FE1A28C93DB900B97EDD /* GameOfThrones.app */,
				01B3FE3328C93DBA00B97EDD /* GameOfThronesTests.xctest */,
				01B3FE3D28C93DBA00B97EDD /* GameOfThronesUITests.xctest */,
			);
			name = Products;
			sourceTree = "<group>";
		};
		01B3FE1C28C93DB900B97EDD /* GameOfThrones */ = {
			isa = PBXGroup;
			children = (
				014B79FE28CCAC41003A7C93 /* BaseViper */,
				01C641F228CF4F2200D2D33E /* Scenes */,
				01B3FE1D28C93DB900B97EDD /* AppDelegate.swift */,
				01B3FE1F28C93DB900B97EDD /* SceneDelegate.swift */,
				01B3FE2328C93DB900B97EDD /* Main.storyboard */,
				01B3FE2928C93DBA00B97EDD /* Assets.xcassets */,
				01B3FE2B28C93DBA00B97EDD /* LaunchScreen.storyboard */,
				01B3FE2E28C93DBA00B97EDD /* Info.plist */,
				01B3FE2628C93DB900B97EDD /* GameOfThrones.xcdatamodeld */,
			);
			path = GameOfThrones;
			sourceTree = "<group>";
		};
		01B3FE3628C93DBA00B97EDD /* GameOfThronesTests */ = {
			isa = PBXGroup;
			children = (
				01653C5628CCCBB0006D616E /* SceneTests */,
				01BE698228CBDC450008067B /* PersistencyTests */,
				01B3FE6928CA6E0500B97EDD /* ServiceTests */,
				01B3FE3728C93DBA00B97EDD /* GameOfThronesTests.swift */,
			);
			path = GameOfThronesTests;
			sourceTree = "<group>";
		};
		01B3FE4028C93DBA00B97EDD /* GameOfThronesUITests */ = {
			isa = PBXGroup;
			children = (
				01B3FE4128C93DBA00B97EDD /* GameOfThronesUITests.swift */,
				01B3FE4328C93DBA00B97EDD /* GameOfThronesUITestsLaunchTests.swift */,
			);
			path = GameOfThronesUITests;
			sourceTree = "<group>";
		};
		01B3FE5228CA473F00B97EDD /* Network */ = {
			isa = PBXGroup;
			children = (
				01B3FE5E28CA509500B97EDD /* Services */,
				01B3FE5F28CA555B00B97EDD /* ServiceBase */,
				01B3FE5528CA4C5400B97EDD /* RestModels */,
			);
			path = Network;
			sourceTree = "<group>";
		};
		01B3FE5528CA4C5400B97EDD /* RestModels */ = {
			isa = PBXGroup;
			children = (
				01B3FE5628CA4C8A00B97EDD /* CategoriesResponse.swift */,
				01B3FE5828CA4C9800B97EDD /* BooksResponse.swift */,
				01B3FE5A28CA4CA500B97EDD /* HousesResponse.swift */,
				01B3FE5C28CA4CB000B97EDD /* CharactersResponse.swift */,
				0126D1D928CD0B8500A51FE4 /* ItemsModelProtocol.swift */,
			);
			path = RestModels;
			sourceTree = "<group>";
		};
		01B3FE5E28CA509500B97EDD /* Services */ = {
			isa = PBXGroup;
			children = (
				01B3FE6728CA636000B97EDD /* CategoriesService.swift */,
				01B3FE7728CA84F700B97EDD /* GOTServices.swift */,
			);
			path = Services;
			sourceTree = "<group>";
		};
		01B3FE5F28CA555B00B97EDD /* ServiceBase */ = {
			isa = PBXGroup;
			children = (
				01B3FE6028CA558900B97EDD /* ServiceBase.swift */,
				01B3FE6528CA614200B97EDD /* ServiceProvider.swift */,
			);
			path = ServiceBase;
			sourceTree = "<group>";
		};
		01B3FE6928CA6E0500B97EDD /* ServiceTests */ = {
			isa = PBXGroup;
			children = (
				01B3FE6E28CA74B300B97EDD /* CategoriesTests */,
				01B3FE7C28CA878000B97EDD /* BooksTests */,
				01B3FE7B28CA877100B97EDD /* CharactersTests */,
				01B3FE7A28CA876700B97EDD /* HousesTests */,
				01B3FE6F28CA74C300B97EDD /* TestUtilities */,
			);
			path = ServiceTests;
			sourceTree = "<group>";
		};
		01B3FE6E28CA74B300B97EDD /* CategoriesTests */ = {
			isa = PBXGroup;
			children = (
				01B3FE7028CA74D200B97EDD /* Resources */,
				01B3FE6C28CA6E9300B97EDD /* CategoriesServiceTest.swift */,
			);
			path = CategoriesTests;
			sourceTree = "<group>";
		};
		01B3FE6F28CA74C300B97EDD /* TestUtilities */ = {
			isa = PBXGroup;
			children = (
				01B3FE6A28CA6E1200B97EDD /* MockURLProtocol.swift */,
				01B3FE7528CA754900B97EDD /* JSONTestHelper.swift */,
			);
			path = TestUtilities;
			sourceTree = "<group>";
		};
		01B3FE7028CA74D200B97EDD /* Resources */ = {
			isa = PBXGroup;
			children = (
				01B3FE7328CA752D00B97EDD /* CategoriesSuccessResponse.json */,
			);
			path = Resources;
			sourceTree = "<group>";
		};
		01B3FE7A28CA876700B97EDD /* HousesTests */ = {
			isa = PBXGroup;
			children = (
				01B3FE7F28CA879900B97EDD /* Resources */,
				01B3FE8A28CA8E1E00B97EDD /* HousesServiceTests.swift */,
			);
			path = HousesTests;
			sourceTree = "<group>";
		};
		01B3FE7B28CA877100B97EDD /* CharactersTests */ = {
			isa = PBXGroup;
			children = (
				01B3FE7E28CA879400B97EDD /* Reources */,
				01B3FE8828CA8B8A00B97EDD /* CharactersServiceTest.swift */,
			);
			path = CharactersTests;
			sourceTree = "<group>";
		};
		01B3FE7C28CA878000B97EDD /* BooksTests */ = {
			isa = PBXGroup;
			children = (
				01B3FE7D28CA878D00B97EDD /* Resources */,
				01B3FE8628CA882C00B97EDD /* BooksServiceTest.swift */,
			);
			path = BooksTests;
			sourceTree = "<group>";
		};
		01B3FE7D28CA878D00B97EDD /* Resources */ = {
			isa = PBXGroup;
			children = (
				01B3FE8028CA87C400B97EDD /* BooksSuccessResponse.json */,
			);
			path = Resources;
			sourceTree = "<group>";
		};
		01B3FE7E28CA879400B97EDD /* Reources */ = {
			isa = PBXGroup;
			children = (
				01B3FE8228CA87E000B97EDD /* HousesSuccessResponse.json */,
			);
			path = Reources;
			sourceTree = "<group>";
		};
		01B3FE7F28CA879900B97EDD /* Resources */ = {
			isa = PBXGroup;
			children = (
				01B3FE8428CA87F900B97EDD /* CharactersSuccessResponse.json */,
			);
			path = Resources;
			sourceTree = "<group>";
		};
		01B3FE8C28CBD15400B97EDD /* Persistency */ = {
			isa = PBXGroup;
			children = (
				01B3FE8D28CBD16A00B97EDD /* CategoryItem.swift */,
				01B3FE8F28CBD1B500B97EDD /* CategoryStore.swift */,
				01BE698728CBE0BD0008067B /* CoreDataStack.swift */,
			);
			path = Persistency;
			sourceTree = "<group>";
		};
		01BE698228CBDC450008067B /* PersistencyTests */ = {
			isa = PBXGroup;
			children = (
				01BE698328CBDC6A0008067B /* PersistencyTests.swift */,
				01BE698A28CBE9CA0008067B /* TestCoreDataStack.swift */,
			);
			path = PersistencyTests;
			sourceTree = "<group>";
		};
		01BE698F28CBF13F0008067B /* Utilities */ = {
			isa = PBXGroup;
			children = (
				01BE699028CBF14D0008067B /* Logger.swift */,
				01C6420028CF5DFD00D2D33E /* Extensions.swift */,
			);
			path = Utilities;
			sourceTree = "<group>";
		};
		01C641F228CF4F2200D2D33E /* Scenes */ = {
			isa = PBXGroup;
			children = (
				01C641F328CF54A800D2D33E /* DetailsScene */,
				014B7A0B28CCAD13003A7C93 /* ItemsScene */,
				014B79F528CCAB9B003A7C93 /* CategoriesScene */,
				014B79F428CCAB42003A7C93 /* SplashScene */,
			);
			path = Scenes;
			sourceTree = "<group>";
		};
		01C641F328CF54A800D2D33E /* DetailsScene */ = {
			isa = PBXGroup;
			children = (
				01C641F428CF54BC00D2D33E /* Details.storyboard */,
				01C641F528CF54BC00D2D33E /* DetailsInterfaces.swift */,
				01C641F628CF54BC00D2D33E /* DetailsPresenter.swift */,
				01C641F728CF54BC00D2D33E /* DetailsViewController.swift */,
				01C641F828CF54BC00D2D33E /* DetailsInteractor.swift */,
				01C641F928CF54BC00D2D33E /* DetailsWireframe.swift */,
			);
			path = DetailsScene;
			sourceTree = "<group>";
		};
		01C6420428CF636100D2D33E /* DetailsScene */ = {
			isa = PBXGroup;
			children = (
				01C6420528CF637900D2D33E /* DetailsPresenterTests.swift */,
			);
			path = DetailsScene;
			sourceTree = "<group>";
		};
/* End PBXGroup section */

/* Begin PBXNativeTarget section */
		01B3FE1928C93DB900B97EDD /* GameOfThrones */ = {
			isa = PBXNativeTarget;
			buildConfigurationList = 01B3FE4728C93DBA00B97EDD /* Build configuration list for PBXNativeTarget "GameOfThrones" */;
			buildPhases = (
				01B3FE1628C93DB900B97EDD /* Sources */,
				01B3FE1728C93DB900B97EDD /* Frameworks */,
				01B3FE1828C93DB900B97EDD /* Resources */,
			);
			buildRules = (
			);
			dependencies = (
			);
			name = GameOfThrones;
			packageProductDependencies = (
				01BE698D28CBF0EA0008067B /* SwiftyBeaver */,
			);
			productName = GameOfThrones;
			productReference = 01B3FE1A28C93DB900B97EDD /* GameOfThrones.app */;
			productType = "com.apple.product-type.application";
		};
		01B3FE3228C93DBA00B97EDD /* GameOfThronesTests */ = {
			isa = PBXNativeTarget;
			buildConfigurationList = 01B3FE4A28C93DBA00B97EDD /* Build configuration list for PBXNativeTarget "GameOfThronesTests" */;
			buildPhases = (
				01B3FE2F28C93DBA00B97EDD /* Sources */,
				01B3FE3028C93DBA00B97EDD /* Frameworks */,
				01B3FE3128C93DBA00B97EDD /* Resources */,
			);
			buildRules = (
			);
			dependencies = (
				01B3FE3528C93DBA00B97EDD /* PBXTargetDependency */,
			);
			name = GameOfThronesTests;
			productName = GameOfThronesTests;
			productReference = 01B3FE3328C93DBA00B97EDD /* GameOfThronesTests.xctest */;
			productType = "com.apple.product-type.bundle.unit-test";
		};
		01B3FE3C28C93DBA00B97EDD /* GameOfThronesUITests */ = {
			isa = PBXNativeTarget;
			buildConfigurationList = 01B3FE4D28C93DBA00B97EDD /* Build configuration list for PBXNativeTarget "GameOfThronesUITests" */;
			buildPhases = (
				01B3FE3928C93DBA00B97EDD /* Sources */,
				01B3FE3A28C93DBA00B97EDD /* Frameworks */,
				01B3FE3B28C93DBA00B97EDD /* Resources */,
			);
			buildRules = (
			);
			dependencies = (
				01B3FE3F28C93DBA00B97EDD /* PBXTargetDependency */,
			);
			name = GameOfThronesUITests;
			productName = GameOfThronesUITests;
			productReference = 01B3FE3D28C93DBA00B97EDD /* GameOfThronesUITests.xctest */;
			productType = "com.apple.product-type.bundle.ui-testing";
		};
/* End PBXNativeTarget section */

/* Begin PBXProject section */
		01B3FE1228C93DB900B97EDD /* Project object */ = {
			isa = PBXProject;
			attributes = {
				BuildIndependentTargetsInParallel = 1;
				LastSwiftUpdateCheck = 1340;
				LastUpgradeCheck = 1340;
				TargetAttributes = {
					01B3FE1928C93DB900B97EDD = {
						CreatedOnToolsVersion = 13.4.1;
					};
					01B3FE3228C93DBA00B97EDD = {
						CreatedOnToolsVersion = 13.4.1;
						TestTargetID = 01B3FE1928C93DB900B97EDD;
					};
					01B3FE3C28C93DBA00B97EDD = {
						CreatedOnToolsVersion = 13.4.1;
						TestTargetID = 01B3FE1928C93DB900B97EDD;
					};
				};
			};
			buildConfigurationList = 01B3FE1528C93DB900B97EDD /* Build configuration list for PBXProject "GameOfThrones" */;
			compatibilityVersion = "Xcode 13.0";
			developmentRegion = en;
			hasScannedForEncodings = 0;
			knownRegions = (
				en,
				Base,
			);
			mainGroup = 01B3FE1128C93DB900B97EDD;
			packageReferences = (
				01BE698C28CBF0EA0008067B /* XCRemoteSwiftPackageReference "SwiftyBeaver" */,
			);
			productRefGroup = 01B3FE1B28C93DB900B97EDD /* Products */;
			projectDirPath = "";
			projectRoot = "";
			targets = (
				01B3FE1928C93DB900B97EDD /* GameOfThrones */,
				01B3FE3228C93DBA00B97EDD /* GameOfThronesTests */,
				01B3FE3C28C93DBA00B97EDD /* GameOfThronesUITests */,
			);
		};
/* End PBXProject section */

/* Begin PBXResourcesBuildPhase section */
		01B3FE1828C93DB900B97EDD /* Resources */ = {
			isa = PBXResourcesBuildPhase;
			buildActionMask = 2147483647;
			files = (
				01653C6228CCFDFF006D616E /* Categories.storyboard in Resources */,
				01C641FA28CF54BC00D2D33E /* Details.storyboard in Resources */,
				01B3FE2D28C93DBA00B97EDD /* LaunchScreen.storyboard in Resources */,
				01B3FE2A28C93DBA00B97EDD /* Assets.xcassets in Resources */,
				0126D1E628CE945100A51FE4 /* Items.storyboard in Resources */,
				01B3FE2528C93DB900B97EDD /* Main.storyboard in Resources */,
				014B7A1228CCAF8B003A7C93 /* Splash.storyboard in Resources */,
			);
			runOnlyForDeploymentPostprocessing = 0;
		};
		01B3FE3128C93DBA00B97EDD /* Resources */ = {
			isa = PBXResourcesBuildPhase;
			buildActionMask = 2147483647;
			files = (
				01B3FE7428CA752D00B97EDD /* CategoriesSuccessResponse.json in Resources */,
				01B3FE8128CA87C400B97EDD /* BooksSuccessResponse.json in Resources */,
				01B3FE8528CA87F900B97EDD /* CharactersSuccessResponse.json in Resources */,
				01B3FE8328CA87E000B97EDD /* HousesSuccessResponse.json in Resources */,
			);
			runOnlyForDeploymentPostprocessing = 0;
		};
		01B3FE3B28C93DBA00B97EDD /* Resources */ = {
			isa = PBXResourcesBuildPhase;
			buildActionMask = 2147483647;
			files = (
			);
			runOnlyForDeploymentPostprocessing = 0;
		};
/* End PBXResourcesBuildPhase section */

/* Begin PBXSourcesBuildPhase section */
		01B3FE1628C93DB900B97EDD /* Sources */ = {
			isa = PBXSourcesBuildPhase;
			buildActionMask = 2147483647;
			files = (
				014B7A0A28CCAC52003A7C93 /* InteractorInterface.swift in Sources */,
				014AEE7328CCFF7800ECC1C2 /* CategoriesTableViewCell.swift in Sources */,
				01BE698928CBE43F0008067B /* CoreDataStack.swift in Sources */,
				014B7A1628CCAF8B003A7C93 /* SplashInteractor.swift in Sources */,
				014B7A1328CCAF8B003A7C93 /* SplashInterfaces.swift in Sources */,
				01B3FE2828C93DB900B97EDD /* GameOfThrones.xcdatamodeld in Sources */,
				01653C6528CCFDFF006D616E /* CategoriesViewController.swift in Sources */,
				01B3FE5928CA4C9800B97EDD /* BooksResponse.swift in Sources */,
				014B7A0928CCAC52003A7C93 /* ViewInterface.swift in Sources */,
				014B7A0828CCAC52003A7C93 /* PresenterInterface.swift in Sources */,
				01C6420128CF5DFD00D2D33E /* Extensions.swift in Sources */,
				014B7A1928CCB0E0003A7C93 /* SplashNavigationViewController.swift in Sources */,
				01C641FD28CF54BC00D2D33E /* DetailsViewController.swift in Sources */,
				014B7A0528CCAC52003A7C93 /* BaseWireframe.swift in Sources */,
				01653C6328CCFDFF006D616E /* CategoriesInterfaces.swift in Sources */,
				0126D1E928CE945100A51FE4 /* ItemsViewController.swift in Sources */,
				014B7A1428CCAF8B003A7C93 /* SplashPresenter.swift in Sources */,
				014B7A1728CCAF8B003A7C93 /* SplashWireframe.swift in Sources */,
				014B7A0728CCAC52003A7C93 /* UIStoryboardExtension.swift in Sources */,
				01B3FE5728CA4C8A00B97EDD /* CategoriesResponse.swift in Sources */,
				01B3FE5D28CA4CB000B97EDD /* CharactersResponse.swift in Sources */,
				0126D1ED28CE96CD00A51FE4 /* ItemTableViewCell.swift in Sources */,
				01C641FB28CF54BC00D2D33E /* DetailsInterfaces.swift in Sources */,
				0126D1EB28CE945100A51FE4 /* ItemsWireframe.swift in Sources */,
				0126D1E728CE945100A51FE4 /* ItemsInterfaces.swift in Sources */,
				01C641FE28CF54BC00D2D33E /* DetailsInteractor.swift in Sources */,
				01653C6728CCFDFF006D616E /* CategoriesWireframe.swift in Sources */,
				01B3FE6828CA636000B97EDD /* CategoriesService.swift in Sources */,
				0126D1E828CE945100A51FE4 /* ItemsPresenter.swift in Sources */,
				01BE699128CBF14D0008067B /* Logger.swift in Sources */,
				01C641FF28CF54BC00D2D33E /* DetailsWireframe.swift in Sources */,
				014B7A1528CCAF8B003A7C93 /* SplashViewController.swift in Sources */,
				01C641FC28CF54BC00D2D33E /* DetailsPresenter.swift in Sources */,
				01B3FE7928CA86BE00B97EDD /* GOTServices.swift in Sources */,
				01B3FE9028CBD1B500B97EDD /* CategoryStore.swift in Sources */,
				01B3FE1E28C93DB900B97EDD /* AppDelegate.swift in Sources */,
				01B3FE8E28CBD16A00B97EDD /* CategoryItem.swift in Sources */,
				01653C6628CCFDFF006D616E /* CategoriesInteractor.swift in Sources */,
				01B3FE5B28CA4CA500B97EDD /* HousesResponse.swift in Sources */,
				01B3FE6128CA558900B97EDD /* ServiceBase.swift in Sources */,
				01B3FE6628CA614200B97EDD /* ServiceProvider.swift in Sources */,
				01653C6428CCFDFF006D616E /* CategoriesPresenter.swift in Sources */,
				0126D1EA28CE945100A51FE4 /* ItemsInteractor.swift in Sources */,
				0126D1DA28CD0B8500A51FE4 /* ItemsModelProtocol.swift in Sources */,
				01B3FE2028C93DB900B97EDD /* SceneDelegate.swift in Sources */,
			);
			runOnlyForDeploymentPostprocessing = 0;
		};
		01B3FE2F28C93DBA00B97EDD /* Sources */ = {
			isa = PBXSourcesBuildPhase;
			buildActionMask = 2147483647;
			files = (
				015B8D1628CF2436004E2149 /* ItemsPresenterTests.swift in Sources */,
				01B3FE7628CA754900B97EDD /* JSONTestHelper.swift in Sources */,
				01B3FE8928CA8B8A00B97EDD /* CharactersServiceTest.swift in Sources */,
				0126D1DD28CD309700A51FE4 /* CategoriesInteractorTests.swift in Sources */,
				01BE698B28CBE9CA0008067B /* TestCoreDataStack.swift in Sources */,
				0126D1DF28CE835000A51FE4 /* CategoriesPresenterTests.swift in Sources */,
				01653C5B28CCDE6D006D616E /* SplashPresenterTests.swift in Sources */,
				01B3FE3828C93DBA00B97EDD /* GameOfThronesTests.swift in Sources */,
				01C6420628CF637900D2D33E /* DetailsPresenterTests.swift in Sources */,
				01B3FE6B28CA6E1200B97EDD /* MockURLProtocol.swift in Sources */,
				01B3FE8B28CA8E1E00B97EDD /* HousesServiceTests.swift in Sources */,
				01BE698428CBDC6A0008067B /* PersistencyTests.swift in Sources */,
				01B3FE6D28CA6E9300B97EDD /* CategoriesServiceTest.swift in Sources */,
				01B3FE8728CA882C00B97EDD /* BooksServiceTest.swift in Sources */,
				01653C5928CCCBD8006D616E /* SplashInteractorTests.swift in Sources */,
			);
			runOnlyForDeploymentPostprocessing = 0;
		};
		01B3FE3928C93DBA00B97EDD /* Sources */ = {
			isa = PBXSourcesBuildPhase;
			buildActionMask = 2147483647;
			files = (
				01B3FE4228C93DBA00B97EDD /* GameOfThronesUITests.swift in Sources */,
				01B3FE4428C93DBA00B97EDD /* GameOfThronesUITestsLaunchTests.swift in Sources */,
			);
			runOnlyForDeploymentPostprocessing = 0;
		};
/* End PBXSourcesBuildPhase section */

/* Begin PBXTargetDependency section */
		01B3FE3528C93DBA00B97EDD /* PBXTargetDependency */ = {
			isa = PBXTargetDependency;
			target = 01B3FE1928C93DB900B97EDD /* GameOfThrones */;
			targetProxy = 01B3FE3428C93DBA00B97EDD /* PBXContainerItemProxy */;
		};
		01B3FE3F28C93DBA00B97EDD /* PBXTargetDependency */ = {
			isa = PBXTargetDependency;
			target = 01B3FE1928C93DB900B97EDD /* GameOfThrones */;
			targetProxy = 01B3FE3E28C93DBA00B97EDD /* PBXContainerItemProxy */;
		};
/* End PBXTargetDependency section */

/* Begin PBXVariantGroup section */
		01B3FE2328C93DB900B97EDD /* Main.storyboard */ = {
			isa = PBXVariantGroup;
			children = (
				01B3FE2428C93DB900B97EDD /* Base */,
			);
			name = Main.storyboard;
			sourceTree = "<group>";
		};
		01B3FE2B28C93DBA00B97EDD /* LaunchScreen.storyboard */ = {
			isa = PBXVariantGroup;
			children = (
				01B3FE2C28C93DBA00B97EDD /* Base */,
			);
			name = LaunchScreen.storyboard;
			sourceTree = "<group>";
		};
/* End PBXVariantGroup section */

/* Begin XCBuildConfiguration section */
		01B3FE4528C93DBA00B97EDD /* Debug */ = {
			isa = XCBuildConfiguration;
			buildSettings = {
				ALWAYS_SEARCH_USER_PATHS = NO;
				CLANG_ANALYZER_NONNULL = YES;
				CLANG_ANALYZER_NUMBER_OBJECT_CONVERSION = YES_AGGRESSIVE;
				CLANG_CXX_LANGUAGE_STANDARD = "gnu++17";
				CLANG_ENABLE_MODULES = YES;
				CLANG_ENABLE_OBJC_ARC = YES;
				CLANG_ENABLE_OBJC_WEAK = YES;
				CLANG_WARN_BLOCK_CAPTURE_AUTORELEASING = YES;
				CLANG_WARN_BOOL_CONVERSION = YES;
				CLANG_WARN_COMMA = YES;
				CLANG_WARN_CONSTANT_CONVERSION = YES;
				CLANG_WARN_DEPRECATED_OBJC_IMPLEMENTATIONS = YES;
				CLANG_WARN_DIRECT_OBJC_ISA_USAGE = YES_ERROR;
				CLANG_WARN_DOCUMENTATION_COMMENTS = YES;
				CLANG_WARN_EMPTY_BODY = YES;
				CLANG_WARN_ENUM_CONVERSION = YES;
				CLANG_WARN_INFINITE_RECURSION = YES;
				CLANG_WARN_INT_CONVERSION = YES;
				CLANG_WARN_NON_LITERAL_NULL_CONVERSION = YES;
				CLANG_WARN_OBJC_IMPLICIT_RETAIN_SELF = YES;
				CLANG_WARN_OBJC_LITERAL_CONVERSION = YES;
				CLANG_WARN_OBJC_ROOT_CLASS = YES_ERROR;
				CLANG_WARN_QUOTED_INCLUDE_IN_FRAMEWORK_HEADER = YES;
				CLANG_WARN_RANGE_LOOP_ANALYSIS = YES;
				CLANG_WARN_STRICT_PROTOTYPES = YES;
				CLANG_WARN_SUSPICIOUS_MOVE = YES;
				CLANG_WARN_UNGUARDED_AVAILABILITY = YES_AGGRESSIVE;
				CLANG_WARN_UNREACHABLE_CODE = YES;
				CLANG_WARN__DUPLICATE_METHOD_MATCH = YES;
				COPY_PHASE_STRIP = NO;
				DEBUG_INFORMATION_FORMAT = dwarf;
				ENABLE_STRICT_OBJC_MSGSEND = YES;
				ENABLE_TESTABILITY = YES;
				GCC_C_LANGUAGE_STANDARD = gnu11;
				GCC_DYNAMIC_NO_PIC = NO;
				GCC_NO_COMMON_BLOCKS = YES;
				GCC_OPTIMIZATION_LEVEL = 0;
				GCC_PREPROCESSOR_DEFINITIONS = (
					"DEBUG=1",
					"$(inherited)",
				);
				GCC_WARN_64_TO_32_BIT_CONVERSION = YES;
				GCC_WARN_ABOUT_RETURN_TYPE = YES_ERROR;
				GCC_WARN_UNDECLARED_SELECTOR = YES;
				GCC_WARN_UNINITIALIZED_AUTOS = YES_AGGRESSIVE;
				GCC_WARN_UNUSED_FUNCTION = YES;
				GCC_WARN_UNUSED_VARIABLE = YES;
				IPHONEOS_DEPLOYMENT_TARGET = 15.5;
				MTL_ENABLE_DEBUG_INFO = INCLUDE_SOURCE;
				MTL_FAST_MATH = YES;
				ONLY_ACTIVE_ARCH = YES;
				SDKROOT = iphoneos;
				SWIFT_ACTIVE_COMPILATION_CONDITIONS = DEBUG;
				SWIFT_OPTIMIZATION_LEVEL = "-Onone";
			};
			name = Debug;
		};
		01B3FE4628C93DBA00B97EDD /* Release */ = {
			isa = XCBuildConfiguration;
			buildSettings = {
				ALWAYS_SEARCH_USER_PATHS = NO;
				CLANG_ANALYZER_NONNULL = YES;
				CLANG_ANALYZER_NUMBER_OBJECT_CONVERSION = YES_AGGRESSIVE;
				CLANG_CXX_LANGUAGE_STANDARD = "gnu++17";
				CLANG_ENABLE_MODULES = YES;
				CLANG_ENABLE_OBJC_ARC = YES;
				CLANG_ENABLE_OBJC_WEAK = YES;
				CLANG_WARN_BLOCK_CAPTURE_AUTORELEASING = YES;
				CLANG_WARN_BOOL_CONVERSION = YES;
				CLANG_WARN_COMMA = YES;
				CLANG_WARN_CONSTANT_CONVERSION = YES;
				CLANG_WARN_DEPRECATED_OBJC_IMPLEMENTATIONS = YES;
				CLANG_WARN_DIRECT_OBJC_ISA_USAGE = YES_ERROR;
				CLANG_WARN_DOCUMENTATION_COMMENTS = YES;
				CLANG_WARN_EMPTY_BODY = YES;
				CLANG_WARN_ENUM_CONVERSION = YES;
				CLANG_WARN_INFINITE_RECURSION = YES;
				CLANG_WARN_INT_CONVERSION = YES;
				CLANG_WARN_NON_LITERAL_NULL_CONVERSION = YES;
				CLANG_WARN_OBJC_IMPLICIT_RETAIN_SELF = YES;
				CLANG_WARN_OBJC_LITERAL_CONVERSION = YES;
				CLANG_WARN_OBJC_ROOT_CLASS = YES_ERROR;
				CLANG_WARN_QUOTED_INCLUDE_IN_FRAMEWORK_HEADER = YES;
				CLANG_WARN_RANGE_LOOP_ANALYSIS = YES;
				CLANG_WARN_STRICT_PROTOTYPES = YES;
				CLANG_WARN_SUSPICIOUS_MOVE = YES;
				CLANG_WARN_UNGUARDED_AVAILABILITY = YES_AGGRESSIVE;
				CLANG_WARN_UNREACHABLE_CODE = YES;
				CLANG_WARN__DUPLICATE_METHOD_MATCH = YES;
				COPY_PHASE_STRIP = NO;
				DEBUG_INFORMATION_FORMAT = "dwarf-with-dsym";
				ENABLE_NS_ASSERTIONS = NO;
				ENABLE_STRICT_OBJC_MSGSEND = YES;
				GCC_C_LANGUAGE_STANDARD = gnu11;
				GCC_NO_COMMON_BLOCKS = YES;
				GCC_WARN_64_TO_32_BIT_CONVERSION = YES;
				GCC_WARN_ABOUT_RETURN_TYPE = YES_ERROR;
				GCC_WARN_UNDECLARED_SELECTOR = YES;
				GCC_WARN_UNINITIALIZED_AUTOS = YES_AGGRESSIVE;
				GCC_WARN_UNUSED_FUNCTION = YES;
				GCC_WARN_UNUSED_VARIABLE = YES;
				IPHONEOS_DEPLOYMENT_TARGET = 15.5;
				MTL_ENABLE_DEBUG_INFO = NO;
				MTL_FAST_MATH = YES;
				SDKROOT = iphoneos;
				SWIFT_COMPILATION_MODE = wholemodule;
				SWIFT_OPTIMIZATION_LEVEL = "-O";
				VALIDATE_PRODUCT = YES;
			};
			name = Release;
		};
		01B3FE4828C93DBA00B97EDD /* Debug */ = {
			isa = XCBuildConfiguration;
			buildSettings = {
				ASSETCATALOG_COMPILER_APPICON_NAME = AppIcon;
				ASSETCATALOG_COMPILER_GLOBAL_ACCENT_COLOR_NAME = AccentColor;
				CODE_SIGN_STYLE = Automatic;
				CURRENT_PROJECT_VERSION = 1;
				DEVELOPMENT_TEAM = 6LQ7CG225G;
				GENERATE_INFOPLIST_FILE = YES;
				INFOPLIST_FILE = GameOfThrones/Info.plist;
				INFOPLIST_KEY_UIApplicationSupportsIndirectInputEvents = YES;
				INFOPLIST_KEY_UILaunchStoryboardName = LaunchScreen;
				INFOPLIST_KEY_UIMainStoryboardFile = Main;
				INFOPLIST_KEY_UISupportedInterfaceOrientations_iPad = "UIInterfaceOrientationPortrait UIInterfaceOrientationPortraitUpsideDown UIInterfaceOrientationLandscapeLeft UIInterfaceOrientationLandscapeRight";
				INFOPLIST_KEY_UISupportedInterfaceOrientations_iPhone = "UIInterfaceOrientationPortrait UIInterfaceOrientationLandscapeLeft UIInterfaceOrientationLandscapeRight";
				LD_RUNPATH_SEARCH_PATHS = (
					"$(inherited)",
					"@executable_path/Frameworks",
				);
				MARKETING_VERSION = 1.0;
				PRODUCT_BUNDLE_IDENTIFIER = com.emndeniz.GameOfThrones;
				PRODUCT_NAME = "$(TARGET_NAME)";
				SWIFT_EMIT_LOC_STRINGS = YES;
				SWIFT_VERSION = 5.0;
				TARGETED_DEVICE_FAMILY = "1,2";
			};
			name = Debug;
		};
		01B3FE4928C93DBA00B97EDD /* Release */ = {
			isa = XCBuildConfiguration;
			buildSettings = {
				ASSETCATALOG_COMPILER_APPICON_NAME = AppIcon;
				ASSETCATALOG_COMPILER_GLOBAL_ACCENT_COLOR_NAME = AccentColor;
				CODE_SIGN_STYLE = Automatic;
				CURRENT_PROJECT_VERSION = 1;
				DEVELOPMENT_TEAM = 6LQ7CG225G;
				GENERATE_INFOPLIST_FILE = YES;
				INFOPLIST_FILE = GameOfThrones/Info.plist;
				INFOPLIST_KEY_UIApplicationSupportsIndirectInputEvents = YES;
				INFOPLIST_KEY_UILaunchStoryboardName = LaunchScreen;
				INFOPLIST_KEY_UIMainStoryboardFile = Main;
				INFOPLIST_KEY_UISupportedInterfaceOrientations_iPad = "UIInterfaceOrientationPortrait UIInterfaceOrientationPortraitUpsideDown UIInterfaceOrientationLandscapeLeft UIInterfaceOrientationLandscapeRight";
				INFOPLIST_KEY_UISupportedInterfaceOrientations_iPhone = "UIInterfaceOrientationPortrait UIInterfaceOrientationLandscapeLeft UIInterfaceOrientationLandscapeRight";
				LD_RUNPATH_SEARCH_PATHS = (
					"$(inherited)",
					"@executable_path/Frameworks",
				);
				MARKETING_VERSION = 1.0;
				PRODUCT_BUNDLE_IDENTIFIER = com.emndeniz.GameOfThrones;
				PRODUCT_NAME = "$(TARGET_NAME)";
				SWIFT_EMIT_LOC_STRINGS = YES;
				SWIFT_VERSION = 5.0;
				TARGETED_DEVICE_FAMILY = "1,2";
			};
			name = Release;
		};
		01B3FE4B28C93DBA00B97EDD /* Debug */ = {
			isa = XCBuildConfiguration;
			buildSettings = {
				ALWAYS_EMBED_SWIFT_STANDARD_LIBRARIES = YES;
				BUNDLE_LOADER = "$(TEST_HOST)";
				CODE_SIGN_STYLE = Automatic;
				CURRENT_PROJECT_VERSION = 1;
				DEVELOPMENT_TEAM = 6LQ7CG225G;
				GENERATE_INFOPLIST_FILE = YES;
				IPHONEOS_DEPLOYMENT_TARGET = 15.5;
				MARKETING_VERSION = 1.0;
				PRODUCT_BUNDLE_IDENTIFIER = com.emndeniz.GameOfThronesTests;
				PRODUCT_NAME = "$(TARGET_NAME)";
				SWIFT_EMIT_LOC_STRINGS = NO;
				SWIFT_VERSION = 5.0;
				TARGETED_DEVICE_FAMILY = "1,2";
				TEST_HOST = "$(BUILT_PRODUCTS_DIR)/GameOfThrones.app/GameOfThrones";
			};
			name = Debug;
		};
		01B3FE4C28C93DBA00B97EDD /* Release */ = {
			isa = XCBuildConfiguration;
			buildSettings = {
				ALWAYS_EMBED_SWIFT_STANDARD_LIBRARIES = YES;
				BUNDLE_LOADER = "$(TEST_HOST)";
				CODE_SIGN_STYLE = Automatic;
				CURRENT_PROJECT_VERSION = 1;
				DEVELOPMENT_TEAM = 6LQ7CG225G;
				GENERATE_INFOPLIST_FILE = YES;
				IPHONEOS_DEPLOYMENT_TARGET = 15.5;
				MARKETING_VERSION = 1.0;
				PRODUCT_BUNDLE_IDENTIFIER = com.emndeniz.GameOfThronesTests;
				PRODUCT_NAME = "$(TARGET_NAME)";
				SWIFT_EMIT_LOC_STRINGS = NO;
				SWIFT_VERSION = 5.0;
				TARGETED_DEVICE_FAMILY = "1,2";
				TEST_HOST = "$(BUILT_PRODUCTS_DIR)/GameOfThrones.app/GameOfThrones";
			};
			name = Release;
		};
		01B3FE4E28C93DBA00B97EDD /* Debug */ = {
			isa = XCBuildConfiguration;
			buildSettings = {
				ALWAYS_EMBED_SWIFT_STANDARD_LIBRARIES = YES;
				CODE_SIGN_STYLE = Automatic;
				CURRENT_PROJECT_VERSION = 1;
				DEVELOPMENT_TEAM = 6LQ7CG225G;
				GENERATE_INFOPLIST_FILE = YES;
				MARKETING_VERSION = 1.0;
				PRODUCT_BUNDLE_IDENTIFIER = com.emndeniz.GameOfThronesUITests;
				PRODUCT_NAME = "$(TARGET_NAME)";
				SWIFT_EMIT_LOC_STRINGS = NO;
				SWIFT_VERSION = 5.0;
				TARGETED_DEVICE_FAMILY = "1,2";
				TEST_TARGET_NAME = GameOfThrones;
			};
			name = Debug;
		};
		01B3FE4F28C93DBA00B97EDD /* Release */ = {
			isa = XCBuildConfiguration;
			buildSettings = {
				ALWAYS_EMBED_SWIFT_STANDARD_LIBRARIES = YES;
				CODE_SIGN_STYLE = Automatic;
				CURRENT_PROJECT_VERSION = 1;
				DEVELOPMENT_TEAM = 6LQ7CG225G;
				GENERATE_INFOPLIST_FILE = YES;
				MARKETING_VERSION = 1.0;
				PRODUCT_BUNDLE_IDENTIFIER = com.emndeniz.GameOfThronesUITests;
				PRODUCT_NAME = "$(TARGET_NAME)";
				SWIFT_EMIT_LOC_STRINGS = NO;
				SWIFT_VERSION = 5.0;
				TARGETED_DEVICE_FAMILY = "1,2";
				TEST_TARGET_NAME = GameOfThrones;
			};
			name = Release;
		};
/* End XCBuildConfiguration section */

/* Begin XCConfigurationList section */
		01B3FE1528C93DB900B97EDD /* Build configuration list for PBXProject "GameOfThrones" */ = {
			isa = XCConfigurationList;
			buildConfigurations = (
				01B3FE4528C93DBA00B97EDD /* Debug */,
				01B3FE4628C93DBA00B97EDD /* Release */,
			);
			defaultConfigurationIsVisible = 0;
			defaultConfigurationName = Release;
		};
		01B3FE4728C93DBA00B97EDD /* Build configuration list for PBXNativeTarget "GameOfThrones" */ = {
			isa = XCConfigurationList;
			buildConfigurations = (
				01B3FE4828C93DBA00B97EDD /* Debug */,
				01B3FE4928C93DBA00B97EDD /* Release */,
			);
			defaultConfigurationIsVisible = 0;
			defaultConfigurationName = Release;
		};
		01B3FE4A28C93DBA00B97EDD /* Build configuration list for PBXNativeTarget "GameOfThronesTests" */ = {
			isa = XCConfigurationList;
			buildConfigurations = (
				01B3FE4B28C93DBA00B97EDD /* Debug */,
				01B3FE4C28C93DBA00B97EDD /* Release */,
			);
			defaultConfigurationIsVisible = 0;
			defaultConfigurationName = Release;
		};
		01B3FE4D28C93DBA00B97EDD /* Build configuration list for PBXNativeTarget "GameOfThronesUITests" */ = {
			isa = XCConfigurationList;
			buildConfigurations = (
				01B3FE4E28C93DBA00B97EDD /* Debug */,
				01B3FE4F28C93DBA00B97EDD /* Release */,
			);
			defaultConfigurationIsVisible = 0;
			defaultConfigurationName = Release;
		};
/* End XCConfigurationList section */

/* Begin XCRemoteSwiftPackageReference section */
		01BE698C28CBF0EA0008067B /* XCRemoteSwiftPackageReference "SwiftyBeaver" */ = {
			isa = XCRemoteSwiftPackageReference;
			repositoryURL = "https://github.com/SwiftyBeaver/SwiftyBeaver.git";
			requirement = {
				kind = upToNextMajorVersion;
				minimumVersion = 1.9.0;
			};
		};
/* End XCRemoteSwiftPackageReference section */

/* Begin XCSwiftPackageProductDependency section */
		01BE698D28CBF0EA0008067B /* SwiftyBeaver */ = {
			isa = XCSwiftPackageProductDependency;
			package = 01BE698C28CBF0EA0008067B /* XCRemoteSwiftPackageReference "SwiftyBeaver" */;
			productName = SwiftyBeaver;
		};
/* End XCSwiftPackageProductDependency section */

/* Begin XCVersionGroup section */
		01B3FE2628C93DB900B97EDD /* GameOfThrones.xcdatamodeld */ = {
			isa = XCVersionGroup;
			children = (
				01B3FE2728C93DB900B97EDD /* GameOfThrones.xcdatamodel */,
			);
			currentVersion = 01B3FE2728C93DB900B97EDD /* GameOfThrones.xcdatamodel */;
			path = GameOfThrones.xcdatamodeld;
			sourceTree = "<group>";
			versionGroupType = wrapper.xcdatamodel;
		};
/* End XCVersionGroup section */
	};
	rootObject = 01B3FE1228C93DB900B97EDD /* Project object */;
}
